
Microsoft Visual Studio Solution File, Format Version 12.00
# Visual Studio 15
VisualStudioVersion = 15.0.28010.2036
MinimumVisualStudioVersion = 10.0.40219.1
Project("{FAE04EC0-301F-11D3-BF4B-00C04F79EFBC}") = "jpgResizer", "jpgResizer\jpgResizer.csproj", "{FABF5DB6-0ECF-4C7D-8B4D-195EA158D735}"
EndProject
Global
	GlobalSection(SolutionConfigurationPlatforms) = preSolution
		Debug|Any CPU = Debug|Any CPU
		Release|Any CPU = Release|Any CPU
	EndGlobalSection
	GlobalSection(ProjectConfigurationPlatforms) = postSolution
		{FABF5DB6-0ECF-4C7D-8B4D-195EA158D735}.Debug|Any CPU.ActiveCfg = Debug|Any CPU
		{FABF5DB6-0ECF-4C7D-8B4D-195EA158D735}.Debug|Any CPU.Build.0 = Debug|Any CPU
		{FABF5DB6-0ECF-4C7D-8B4D-195EA158D735}.Release|Any CPU.ActiveCfg = Release|Any CPU
		{FABF5DB6-0ECF-4C7D-8B4D-195EA158D735}.Release|Any CPU.Build.0 = Release|Any CPU
	EndGlobalSection
	GlobalSection(SolutionProperties) = preSolution
		HideSolutionNode = FALSE
	EndGlobalSection
	GlobalSection(ExtensibilityGlobals) = postSolution
		SolutionGuid = {16AC0400-AA62-46BA-83C8-2C03CBD8DF41}
	EndGlobalSection
EndGlobal
